
Microsoft Visual Studio Solution File, Format Version 12.00
# Visual Studio Version 16
VisualStudioVersion = 16.0.35826.135
MinimumVisualStudioVersion = 10.0.40219.1
Project("{8BC9CEB8-8B4A-11D0-8D11-00A0C91BC942}") = "WaitLaunch_Client_ConcurrentThread_lib", "WaitLaunch_Client_ConcurrentThread_lib\WaitLaunch_Client_ConcurrentThread_lib.vcxproj", "{090B307A-4543-4C91-9133-AE5D1E51E84C}"
EndProject
Project("{8BC9CEB8-8B4A-11D0-8D11-00A0C91BC942}") = "WaitLaunch_Server_ConcurrentThread_lib", "WaitLaunch_Server_ConcurrentThread_lib\WaitLaunch_Server_ConcurrentThread_lib.vcxproj", "{1252D22C-85A9-49E5-8B74-DC74DDFE7F53}"
EndProject
Global
	GlobalSection(SolutionConfigurationPlatforms) = preSolution
		Debug|x64 = Debug|x64
		Debug|x86 = Debug|x86
		Release|x64 = Release|x64
		Release|x86 = Release|x86
	EndGlobalSection
	GlobalSection(ProjectConfigurationPlatforms) = postSolution
		{090B307A-4543-4C91-9133-AE5D1E51E84C}.Debug|x64.ActiveCfg = Debug|x64
		{090B307A-4543-4C91-9133-AE5D1E51E84C}.Debug|x64.Build.0 = Debug|x64
		{090B307A-4543-4C91-9133-AE5D1E51E84C}.Debug|x86.ActiveCfg = Debug|Win32
		{090B307A-4543-4C91-9133-AE5D1E51E84C}.Debug|x86.Build.0 = Debug|Win32
		{090B307A-4543-4C91-9133-AE5D1E51E84C}.Release|x64.ActiveCfg = Release|x64
		{090B307A-4543-4C91-9133-AE5D1E51E84C}.Release|x64.Build.0 = Release|x64
		{090B307A-4543-4C91-9133-AE5D1E51E84C}.Release|x86.ActiveCfg = Release|Win32
		{090B307A-4543-4C91-9133-AE5D1E51E84C}.Release|x86.Build.0 = Release|Win32
		{1252D22C-85A9-49E5-8B74-DC74DDFE7F53}.Debug|x64.ActiveCfg = Debug|x64
		{1252D22C-85A9-49E5-8B74-DC74DDFE7F53}.Debug|x64.Build.0 = Debug|x64
		{1252D22C-85A9-49E5-8B74-DC74DDFE7F53}.Debug|x86.ActiveCfg = Debug|Win32
		{1252D22C-85A9-49E5-8B74-DC74DDFE7F53}.Debug|x86.Build.0 = Debug|Win32
		{1252D22C-85A9-49E5-8B74-DC74DDFE7F53}.Release|x64.ActiveCfg = Release|x64
		{1252D22C-85A9-49E5-8B74-DC74DDFE7F53}.Release|x64.Build.0 = Release|x64
		{1252D22C-85A9-49E5-8B74-DC74DDFE7F53}.Release|x86.ActiveCfg = Release|Win32
		{1252D22C-85A9-49E5-8B74-DC74DDFE7F53}.Release|x86.Build.0 = Release|Win32
	EndGlobalSection
	GlobalSection(SolutionProperties) = preSolution
		HideSolutionNode = FALSE
	EndGlobalSection
	GlobalSection(ExtensibilityGlobals) = postSolution
		SolutionGuid = {A813CBA3-110D-43C2-8DD0-C5B647C6B41C}
	EndGlobalSection
EndGlobal
